// !$*UTF8*$!
{
	archiveVersion = 1;
	classes = {
	};
	objectVersion = 77;
	objects = {

/* Begin PBXContainerItemProxy section */
		BE0774D12D6FA7FF00568ADF /* PBXContainerItemProxy */ = {
			isa = PBXContainerItemProxy;
			containerPortal = BE0774B82D6FA7FE00568ADF /* Project object */;
			proxyType = 1;
			remoteGlobalIDString = BE0774BF2D6FA7FE00568ADF;
			remoteInfo = PopAPill;
		};
		BE0774DB2D6FA7FF00568ADF /* PBXContainerItemProxy */ = {
			isa = PBXContainerItemProxy;
			containerPortal = BE0774B82D6FA7FE00568ADF /* Project object */;
			proxyType = 1;
			remoteGlobalIDString = BE0774BF2D6FA7FE00568ADF;
			remoteInfo = PopAPill;
		};
/* End PBXContainerItemProxy section */

/* Begin PBXFileReference section */
		BE0774C02D6FA7FE00568ADF /* PopAPill.app */ = {isa = PBXFileReference; explicitFileType = wrapper.application; includeInIndex = 0; path = PopAPill.app; sourceTree = BUILT_PRODUCTS_DIR; };
		BE0774D02D6FA7FF00568ADF /* PopAPillTests.xctest */ = {isa = PBXFileReference; explicitFileType = wrapper.cfbundle; includeInIndex = 0; path = PopAPillTests.xctest; sourceTree = BUILT_PRODUCTS_DIR; };
		BE0774DA2D6FA7FF00568ADF /* PopAPillUITests.xctest */ = {isa = PBXFileReference; explicitFileType = wrapper.cfbundle; includeInIndex = 0; path = PopAPillUITests.xctest; sourceTree = BUILT_PRODUCTS_DIR; };
/* End PBXFileReference section */

/* Begin PBXFileSystemSynchronizedRootGroup section */
		BE0774C22D6FA7FE00568ADF /* PopAPill */ = {
			isa = PBXFileSystemSynchronizedRootGroup;
			path = PopAPill;
			sourceTree = "<group>";
		};
		BE0774D32D6FA7FF00568ADF /* PopAPillTests */ = {
			isa = PBXFileSystemSynchronizedRootGroup;
			path = PopAPillTests;
			sourceTree = "<group>";
		};
		BE0774DD2D6FA7FF00568ADF /* PopAPillUITests */ = {
			isa = PBXFileSystemSynchronizedRootGroup;
			path = PopAPillUITests;
			sourceTree = "<group>";
		};
/* End PBXFileSystemSynchronizedRootGroup section */

/* Begin PBXFrameworksBuildPhase section */
		BE0774BD2D6FA7FE00568ADF /* Frameworks */ = {
			isa = PBXFrameworksBuildPhase;
			buildActionMask = 2147483647;
			files = (
			);
			runOnlyForDeploymentPostprocessing = 0;
		};
		BE0774CD2D6FA7FF00568ADF /* Frameworks */ = {
			isa = PBXFrameworksBuildPhase;
			buildActionMask = 2147483647;
			files = (
			);
			runOnlyForDeploymentPostprocessing = 0;
		};
		BE0774D72D6FA7FF00568ADF /* Frameworks */ = {
			isa = PBXFrameworksBuildPhase;
			buildActionMask = 2147483647;
			files = (
			);
			runOnlyForDeploymentPostprocessing = 0;
		};
/* End PBXFrameworksBuildPhase section */

/* Begin PBXGroup section */
		BE0774B72D6FA7FE00568ADF = {
			isa = PBXGroup;
			children = (
				BE0774C22D6FA7FE00568ADF /* PopAPill */,
				BE0774D32D6FA7FF00568ADF /* PopAPillTests */,
				BE0774DD2D6FA7FF00568ADF /* PopAPillUITests */,
				BE0774C12D6FA7FE00568ADF /* Products */,
			);
			sourceTree = "<group>";
		};
		BE0774C12D6FA7FE00568ADF /* Products */ = {
			isa = PBXGroup;
			children = (
				BE0774C02D6FA7FE00568ADF /* PopAPill.app */,
				BE0774D02D6FA7FF00568ADF /* PopAPillTests.xctest */,
				BE0774DA2D6FA7FF00568ADF /* PopAPillUITests.xctest */,
			);
			name = Products;
			sourceTree = "<group>";
		};
/* End PBXGroup section */

/* Begin PBXNativeTarget section */
		BE0774BF2D6FA7FE00568ADF /* PopAPill */ = {
			isa = PBXNativeTarget;
			buildConfigurationList = BE0774E42D6FA7FF00568ADF /* Build configuration list for PBXNativeTarget "PopAPill" */;
			buildPhases = (
				BE0774BC2D6FA7FE00568ADF /* Sources */,
				BE0774BD2D6FA7FE00568ADF /* Frameworks */,
				BE0774BE2D6FA7FE00568ADF /* Resources */,
			);
			buildRules = (
			);
			dependencies = (
			);
			fileSystemSynchronizedGroups = (
				BE0774C22D6FA7FE00568ADF /* PopAPill */,
			);
			name = PopAPill;
			packageProductDependencies = (
			);
			productName = PopAPill;
			productReference = BE0774C02D6FA7FE00568ADF /* PopAPill.app */;
			productType = "com.apple.product-type.application";
		};
		BE0774CF2D6FA7FF00568ADF /* PopAPillTests */ = {
			isa = PBXNativeTarget;
			buildConfigurationList = BE0774E72D6FA7FF00568ADF /* Build configuration list for PBXNativeTarget "PopAPillTests" */;
			buildPhases = (
				BE0774CC2D6FA7FF00568ADF /* Sources */,
				BE0774CD2D6FA7FF00568ADF /* Frameworks */,
				BE0774CE2D6FA7FF00568ADF /* Resources */,
			);
			buildRules = (
			);
			dependencies = (
				BE0774D22D6FA7FF00568ADF /* PBXTargetDependency */,
			);
			fileSystemSynchronizedGroups = (
				BE0774D32D6FA7FF00568ADF /* PopAPillTests */,
			);
			name = PopAPillTests;
			packageProductDependencies = (
			);
			productName = PopAPillTests;
			productReference = BE0774D02D6FA7FF00568ADF /* PopAPillTests.xctest */;
			productType = "com.apple.product-type.bundle.unit-test";
		};
		BE0774D92D6FA7FF00568ADF /* PopAPillUITests */ = {
			isa = PBXNativeTarget;
			buildConfigurationList = BE0774EA2D6FA7FF00568ADF /* Build configuration list for PBXNativeTarget "PopAPillUITests" */;
			buildPhases = (
				BE0774D62D6FA7FF00568ADF /* Sources */,
				BE0774D72D6FA7FF00568ADF /* Frameworks */,
				BE0774D82D6FA7FF00568ADF /* Resources */,
			);
			buildRules = (
			);
			dependencies = (
				BE0774DC2D6FA7FF00568ADF /* PBXTargetDependency */,
			);
			fileSystemSynchronizedGroups = (
				BE0774DD2D6FA7FF00568ADF /* PopAPillUITests */,
			);
			name = PopAPillUITests;
			packageProductDependencies = (
			);
			productName = PopAPillUITests;
			productReference = BE0774DA2D6FA7FF00568ADF /* PopAPillUITests.xctest */;
			productType = "com.apple.product-type.bundle.ui-testing";
		};
/* End PBXNativeTarget section */

/* Begin PBXProject section */
		BE0774B82D6FA7FE00568ADF /* Project object */ = {
			isa = PBXProject;
			attributes = {
				BuildIndependentTargetsInParallel = 1;
				LastSwiftUpdateCheck = 1620;
				LastUpgradeCheck = 1620;
				TargetAttributes = {
					BE0774BF2D6FA7FE00568ADF = {
						CreatedOnToolsVersion = 16.2;
					};
					BE0774CF2D6FA7FF00568ADF = {
						CreatedOnToolsVersion = 16.2;
						TestTargetID = BE0774BF2D6FA7FE00568ADF;
					};
					BE0774D92D6FA7FF00568ADF = {
						CreatedOnToolsVersion = 16.2;
						TestTargetID = BE0774BF2D6FA7FE00568ADF;
					};
				};
			};
			buildConfigurationList = BE0774BB2D6FA7FE00568ADF /* Build configuration list for PBXProject "PopAPill" */;
			developmentRegion = en;
			hasScannedForEncodings = 0;
			knownRegions = (
				en,
				Base,
			);
			mainGroup = BE0774B72D6FA7FE00568ADF;
			minimizedProjectReferenceProxies = 1;
			preferredProjectObjectVersion = 77;
			productRefGroup = BE0774C12D6FA7FE00568ADF /* Products */;
			projectDirPath = "";
			projectRoot = "";
			targets = (
				BE0774BF2D6FA7FE00568ADF /* PopAPill */,
				BE0774CF2D6FA7FF00568ADF /* PopAPillTests */,
				BE0774D92D6FA7FF00568ADF /* PopAPillUITests */,
			);
		};
/* End PBXProject section */

/* Begin PBXResourcesBuildPhase section */
		BE0774BE2D6FA7FE00568ADF /* Resources */ = {
			isa = PBXResourcesBuildPhase;
			buildActionMask = 2147483647;
			files = (
			);
			runOnlyForDeploymentPostprocessing = 0;
		};
		BE0774CE2D6FA7FF00568ADF /* Resources */ = {
			isa = PBXResourcesBuildPhase;
			buildActionMask = 2147483647;
			files = (
			);
			runOnlyForDeploymentPostprocessing = 0;
		};
		BE0774D82D6FA7FF00568ADF /* Resources */ = {
			isa = PBXResourcesBuildPhase;
			buildActionMask = 2147483647;
			files = (
			);
			runOnlyForDeploymentPostprocessing = 0;
		};
/* End PBXResourcesBuildPhase section */

/* Begin PBXSourcesBuildPhase section */
		BE0774BC2D6FA7FE00568ADF /* Sources */ = {
			isa = PBXSourcesBuildPhase;
			buildActionMask = 2147483647;
			files = (
			);
			runOnlyForDeploymentPostprocessing = 0;
		};
		BE0774CC2D6FA7FF00568ADF /* Sources */ = {
			isa = PBXSourcesBuildPhase;
			buildActionMask = 2147483647;
			files = (
			);
			runOnlyForDeploymentPostprocessing = 0;
		};
		BE0774D62D6FA7FF00568ADF /* Sources */ = {
			isa = PBXSourcesBuildPhase;
			buildActionMask = 2147483647;
			files = (
			);
			runOnlyForDeploymentPostprocessing = 0;
		};
/* End PBXSourcesBuildPhase section */

/* Begin PBXTargetDependency section */
		BE0774D22D6FA7FF00568ADF /* PBXTargetDependency */ = {
			isa = PBXTargetDependency;
			target = BE0774BF2D6FA7FE00568ADF /* PopAPill */;
			targetProxy = BE0774D12D6FA7FF00568ADF /* PBXContainerItemProxy */;
		};
		BE0774DC2D6FA7FF00568ADF /* PBXTargetDependency */ = {
			isa = PBXTargetDependency;
			target = BE0774BF2D6FA7FE00568ADF /* PopAPill */;
			targetProxy = BE0774DB2D6FA7FF00568ADF /* PBXContainerItemProxy */;
		};
/* End PBXTargetDependency section */

/* Begin XCBuildConfiguration section */
		BE0774E22D6FA7FF00568ADF /* Debug */ = {
			isa = XCBuildConfiguration;
			buildSettings = {
				ALWAYS_SEARCH_USER_PATHS = NO;
				ASSETCATALOG_COMPILER_GENERATE_SWIFT_ASSET_SYMBOL_EXTENSIONS = YES;
				CLANG_ANALYZER_NONNULL = YES;
				CLANG_ANALYZER_NUMBER_OBJECT_CONVERSION = YES_AGGRESSIVE;
				CLANG_CXX_LANGUAGE_STANDARD = "gnu++20";
				CLANG_ENABLE_MODULES = YES;
				CLANG_ENABLE_OBJC_ARC = YES;
				CLANG_ENABLE_OBJC_WEAK = YES;
				CLANG_WARN_BLOCK_CAPTURE_AUTORELEASING = YES;
				CLANG_WARN_BOOL_CONVERSION = YES;
				CLANG_WARN_COMMA = YES;
				CLANG_WARN_CONSTANT_CONVERSION = YES;
				CLANG_WARN_DEPRECATED_OBJC_IMPLEMENTATIONS = YES;
				CLANG_WARN_DIRECT_OBJC_ISA_USAGE = YES_ERROR;
				CLANG_WARN_DOCUMENTATION_COMMENTS = YES;
				CLANG_WARN_EMPTY_BODY = YES;
				CLANG_WARN_ENUM_CONVERSION = YES;
				CLANG_WARN_INFINITE_RECURSION = YES;
				CLANG_WARN_INT_CONVERSION = YES;
				CLANG_WARN_NON_LITERAL_NULL_CONVERSION = YES;
				CLANG_WARN_OBJC_IMPLICIT_RETAIN_SELF = YES;
				CLANG_WARN_OBJC_LITERAL_CONVERSION = YES;
				CLANG_WARN_OBJC_ROOT_CLASS = YES_ERROR;
				CLANG_WARN_QUOTED_INCLUDE_IN_FRAMEWORK_HEADER = YES;
				CLANG_WARN_RANGE_LOOP_ANALYSIS = YES;
				CLANG_WARN_STRICT_PROTOTYPES = YES;
				CLANG_WARN_SUSPICIOUS_MOVE = YES;
				CLANG_WARN_UNGUARDED_AVAILABILITY = YES_AGGRESSIVE;
				CLANG_WARN_UNREACHABLE_CODE = YES;
				CLANG_WARN__DUPLICATE_METHOD_MATCH = YES;
				COPY_PHASE_STRIP = NO;
				DEBUG_INFORMATION_FORMAT = dwarf;
				ENABLE_STRICT_OBJC_MSGSEND = YES;
				ENABLE_TESTABILITY = YES;
				ENABLE_USER_SCRIPT_SANDBOXING = YES;
				GCC_C_LANGUAGE_STANDARD = gnu17;
				GCC_DYNAMIC_NO_PIC = NO;
				GCC_NO_COMMON_BLOCKS = YES;
				GCC_OPTIMIZATION_LEVEL = 0;
				GCC_PREPROCESSOR_DEFINITIONS = (
					"DEBUG=1",
					"$(inherited)",
				);
				GCC_WARN_64_TO_32_BIT_CONVERSION = YES;
				GCC_WARN_ABOUT_RETURN_TYPE = YES_ERROR;
				GCC_WARN_UNDECLARED_SELECTOR = YES;
				GCC_WARN_UNINITIALIZED_AUTOS = YES_AGGRESSIVE;
				GCC_WARN_UNUSED_FUNCTION = YES;
				GCC_WARN_UNUSED_VARIABLE = YES;
				IPHONEOS_DEPLOYMENT_TARGET = 18.2;
				LOCALIZATION_PREFERS_STRING_CATALOGS = YES;
				MTL_ENABLE_DEBUG_INFO = INCLUDE_SOURCE;
				MTL_FAST_MATH = YES;
				ONLY_ACTIVE_ARCH = YES;
				SDKROOT = iphoneos;
				SWIFT_ACTIVE_COMPILATION_CONDITIONS = "DEBUG $(inherited)";
				SWIFT_OPTIMIZATION_LEVEL = "-Onone";
			};
			name = Debug;
		};
		BE0774E32D6FA7FF00568ADF /* Release */ = {
			isa = XCBuildConfiguration;
			buildSettings = {
				ALWAYS_SEARCH_USER_PATHS = NO;
				ASSETCATALOG_COMPILER_GENERATE_SWIFT_ASSET_SYMBOL_EXTENSIONS = YES;
				CLANG_ANALYZER_NONNULL = YES;
				CLANG_ANALYZER_NUMBER_OBJECT_CONVERSION = YES_AGGRESSIVE;
				CLANG_CXX_LANGUAGE_STANDARD = "gnu++20";
				CLANG_ENABLE_MODULES = YES;
				CLANG_ENABLE_OBJC_ARC = YES;
				CLANG_ENABLE_OBJC_WEAK = YES;
				CLANG_WARN_BLOCK_CAPTURE_AUTORELEASING = YES;
				CLANG_WARN_BOOL_CONVERSION = YES;
				CLANG_WARN_COMMA = YES;
				CLANG_WARN_CONSTANT_CONVERSION = YES;
				CLANG_WARN_DEPRECATED_OBJC_IMPLEMENTATIONS = YES;
				CLANG_WARN_DIRECT_OBJC_ISA_USAGE = YES_ERROR;
				CLANG_WARN_DOCUMENTATION_COMMENTS = YES;
				CLANG_WARN_EMPTY_BODY = YES;
				CLANG_WARN_ENUM_CONVERSION = YES;
				CLANG_WARN_INFINITE_RECURSION = YES;
				CLANG_WARN_INT_CONVERSION = YES;
				CLANG_WARN_NON_LITERAL_NULL_CONVERSION = YES;
				CLANG_WARN_OBJC_IMPLICIT_RETAIN_SELF = YES;
				CLANG_WARN_OBJC_LITERAL_CONVERSION = YES;
				CLANG_WARN_OBJC_ROOT_CLASS = YES_ERROR;
				CLANG_WARN_QUOTED_INCLUDE_IN_FRAMEWORK_HEADER = YES;
				CLANG_WARN_RANGE_LOOP_ANALYSIS = YES;
				CLANG_WARN_STRICT_PROTOTYPES = YES;
				CLANG_WARN_SUSPICIOUS_MOVE = YES;
				CLANG_WARN_UNGUARDED_AVAILABILITY = YES_AGGRESSIVE;
				CLANG_WARN_UNREACHABLE_CODE = YES;
				CLANG_WARN__DUPLICATE_METHOD_MATCH = YES;
				COPY_PHASE_STRIP = NO;
				DEBUG_INFORMATION_FORMAT = "dwarf-with-dsym";
				ENABLE_NS_ASSERTIONS = NO;
				ENABLE_STRICT_OBJC_MSGSEND = YES;
				ENABLE_USER_SCRIPT_SANDBOXING = YES;
				GCC_C_LANGUAGE_STANDARD = gnu17;
				GCC_NO_COMMON_BLOCKS = YES;
				GCC_WARN_64_TO_32_BIT_CONVERSION = YES;
				GCC_WARN_ABOUT_RETURN_TYPE = YES_ERROR;
				GCC_WARN_UNDECLARED_SELECTOR = YES;
				GCC_WARN_UNINITIALIZED_AUTOS = YES_AGGRESSIVE;
				GCC_WARN_UNUSED_FUNCTION = YES;
				GCC_WARN_UNUSED_VARIABLE = YES;
				IPHONEOS_DEPLOYMENT_TARGET = 18.2;
				LOCALIZATION_PREFERS_STRING_CATALOGS = YES;
				MTL_ENABLE_DEBUG_INFO = NO;
				MTL_FAST_MATH = YES;
				SDKROOT = iphoneos;
				SWIFT_COMPILATION_MODE = wholemodule;
				VALIDATE_PRODUCT = YES;
			};
			name = Release;
		};
		BE0774E52D6FA7FF00568ADF /* Debug */ = {
			isa = XCBuildConfiguration;
			buildSettings = {
				ASSETCATALOG_COMPILER_APPICON_NAME = AppIcon;
				ASSETCATALOG_COMPILER_GLOBAL_ACCENT_COLOR_NAME = AccentColor;
				CODE_SIGN_STYLE = Automatic;
				CURRENT_PROJECT_VERSION = 1;
				DEVELOPMENT_ASSET_PATHS = "\"PopAPill/Preview Content\"";
				ENABLE_PREVIEWS = YES;
				GENERATE_INFOPLIST_FILE = YES;
				INFOPLIST_KEY_UIApplicationSceneManifest_Generation = YES;
				INFOPLIST_KEY_UIApplicationSupportsIndirectInputEvents = YES;
				INFOPLIST_KEY_UILaunchScreen_Generation = YES;
				INFOPLIST_KEY_UISupportedInterfaceOrientations_iPad = "UIInterfaceOrientationPortrait UIInterfaceOrientationPortraitUpsideDown UIInterfaceOrientationLandscapeLeft UIInterfaceOrientationLandscapeRight";
				INFOPLIST_KEY_UISupportedInterfaceOrientations_iPhone = "UIInterfaceOrientationPortrait UIInterfaceOrientationLandscapeLeft UIInterfaceOrientationLandscapeRight";
				LD_RUNPATH_SEARCH_PATHS = (
					"$(inherited)",
					"@executable_path/Frameworks",
				);
				MARKETING_VERSION = 1.0;
				PRODUCT_BUNDLE_IDENTIFIER = proJ.PopAPill;
				PRODUCT_NAME = "$(TARGET_NAME)";
				SWIFT_EMIT_LOC_STRINGS = YES;
				SWIFT_VERSION = 5.0;
				TARGETED_DEVICE_FAMILY = "1,2";
			};
			name = Debug;
		};
		BE0774E62D6FA7FF00568ADF /* Release */ = {
			isa = XCBuildConfiguration;
			buildSettings = {
				ASSETCATALOG_COMPILER_APPICON_NAME = AppIcon;
				ASSETCATALOG_COMPILER_GLOBAL_ACCENT_COLOR_NAME = AccentColor;
				CODE_SIGN_STYLE = Automatic;
				CURRENT_PROJECT_VERSION = 1;
				DEVELOPMENT_ASSET_PATHS = "\"PopAPill/Preview Content\"";
				ENABLE_PREVIEWS = YES;
				GENERATE_INFOPLIST_FILE = YES;
				INFOPLIST_KEY_UIApplicationSceneManifest_Generation = YES;
				INFOPLIST_KEY_UIApplicationSupportsIndirectInputEvents = YES;
				INFOPLIST_KEY_UILaunchScreen_Generation = YES;
				INFOPLIST_KEY_UISupportedInterfaceOrientations_iPad = "UIInterfaceOrientationPortrait UIInterfaceOrientationPortraitUpsideDown UIInterfaceOrientationLandscapeLeft UIInterfaceOrientationLandscapeRight";
				INFOPLIST_KEY_UISupportedInterfaceOrientations_iPhone = "UIInterfaceOrientationPortrait UIInterfaceOrientationLandscapeLeft UIInterfaceOrientationLandscapeRight";
				LD_RUNPATH_SEARCH_PATHS = (
					"$(inherited)",
					"@executable_path/Frameworks",
				);
				MARKETING_VERSION = 1.0;
				PRODUCT_BUNDLE_IDENTIFIER = proJ.PopAPill;
				PRODUCT_NAME = "$(TARGET_NAME)";
				SWIFT_EMIT_LOC_STRINGS = YES;
				SWIFT_VERSION = 5.0;
				TARGETED_DEVICE_FAMILY = "1,2";
			};
			name = Release;
		};
		BE0774E82D6FA7FF00568ADF /* Debug */ = {
			isa = XCBuildConfiguration;
			buildSettings = {
				BUNDLE_LOADER = "$(TEST_HOST)";
				CODE_SIGN_STYLE = Automatic;
				CURRENT_PROJECT_VERSION = 1;
				GENERATE_INFOPLIST_FILE = YES;
				IPHONEOS_DEPLOYMENT_TARGET = 18.2;
				MARKETING_VERSION = 1.0;
				PRODUCT_BUNDLE_IDENTIFIER = proJ.PopAPillTests;
				PRODUCT_NAME = "$(TARGET_NAME)";
				SWIFT_EMIT_LOC_STRINGS = NO;
				SWIFT_VERSION = 5.0;
				TARGETED_DEVICE_FAMILY = "1,2";
				TEST_HOST = "$(BUILT_PRODUCTS_DIR)/PopAPill.app/$(BUNDLE_EXECUTABLE_FOLDER_PATH)/PopAPill";
			};
			name = Debug;
		};
		BE0774E92D6FA7FF00568ADF /* Release */ = {
			isa = XCBuildConfiguration;
			buildSettings = {
				BUNDLE_LOADER = "$(TEST_HOST)";
				CODE_SIGN_STYLE = Automatic;
				CURRENT_PROJECT_VERSION = 1;
				GENERATE_INFOPLIST_FILE = YES;
				IPHONEOS_DEPLOYMENT_TARGET = 18.2;
				MARKETING_VERSION = 1.0;
				PRODUCT_BUNDLE_IDENTIFIER = proJ.PopAPillTests;
				PRODUCT_NAME = "$(TARGET_NAME)";
				SWIFT_EMIT_LOC_STRINGS = NO;
				SWIFT_VERSION = 5.0;
				TARGETED_DEVICE_FAMILY = "1,2";
				TEST_HOST = "$(BUILT_PRODUCTS_DIR)/PopAPill.app/$(BUNDLE_EXECUTABLE_FOLDER_PATH)/PopAPill";
			};
			name = Release;
		};
		BE0774EB2D6FA7FF00568ADF /* Debug */ = {
			isa = XCBuildConfiguration;
			buildSettings = {
				CODE_SIGN_STYLE = Automatic;
				CURRENT_PROJECT_VERSION = 1;
				GENERATE_INFOPLIST_FILE = YES;
				MARKETING_VERSION = 1.0;
				PRODUCT_BUNDLE_IDENTIFIER = proJ.PopAPillUITests;
				PRODUCT_NAME = "$(TARGET_NAME)";
				SWIFT_EMIT_LOC_STRINGS = NO;
				SWIFT_VERSION = 5.0;
				TARGETED_DEVICE_FAMILY = "1,2";
				TEST_TARGET_NAME = PopAPill;
			};
			name = Debug;
		};
		BE0774EC2D6FA7FF00568ADF /* Release */ = {
			isa = XCBuildConfiguration;
			buildSettings = {
				CODE_SIGN_STYLE = Automatic;
				CURRENT_PROJECT_VERSION = 1;
				GENERATE_INFOPLIST_FILE = YES;
				MARKETING_VERSION = 1.0;
				PRODUCT_BUNDLE_IDENTIFIER = proJ.PopAPillUITests;
				PRODUCT_NAME = "$(TARGET_NAME)";
				SWIFT_EMIT_LOC_STRINGS = NO;
				SWIFT_VERSION = 5.0;
				TARGETED_DEVICE_FAMILY = "1,2";
				TEST_TARGET_NAME = PopAPill;
			};
			name = Release;
		};
/* End XCBuildConfiguration section */

/* Begin XCConfigurationList section */
		BE0774BB2D6FA7FE00568ADF /* Build configuration list for PBXProject "PopAPill" */ = {
			isa = XCConfigurationList;
			buildConfigurations = (
				BE0774E22D6FA7FF00568ADF /* Debug */,
				BE0774E32D6FA7FF00568ADF /* Release */,
			);
			defaultConfigurationIsVisible = 0;
			defaultConfigurationName = Release;
		};
		BE0774E42D6FA7FF00568ADF /* Build configuration list for PBXNativeTarget "PopAPill" */ = {
			isa = XCConfigurationList;
			buildConfigurations = (
				BE0774E52D6FA7FF00568ADF /* Debug */,
				BE0774E62D6FA7FF00568ADF /* Release */,
			);
			defaultConfigurationIsVisible = 0;
			defaultConfigurationName = Release;
		};
		BE0774E72D6FA7FF00568ADF /* Build configuration list for PBXNativeTarget "PopAPillTests" */ = {
			isa = XCConfigurationList;
			buildConfigurations = (
				BE0774E82D6FA7FF00568ADF /* Debug */,
				BE0774E92D6FA7FF00568ADF /* Release */,
			);
			defaultConfigurationIsVisible = 0;
			defaultConfigurationName = Release;
		};
		BE0774EA2D6FA7FF00568ADF /* Build configuration list for PBXNativeTarget "PopAPillUITests" */ = {
			isa = XCConfigurationList;
			buildConfigurations = (
				BE0774EB2D6FA7FF00568ADF /* Debug */,
				BE0774EC2D6FA7FF00568ADF /* Release */,
			);
			defaultConfigurationIsVisible = 0;
			defaultConfigurationName = Release;
		};
/* End XCConfigurationList section */
	};
	rootObject = BE0774B82D6FA7FE00568ADF /* Project object */;
}
